
Microsoft Visual Studio Solution File, Format Version 12.00
# Visual Studio Version 17
VisualStudioVersion = 17.5.33516.290
MinimumVisualStudioVersion = 10.0.40219.1
Project("{FAE04EC0-301F-11D3-BF4B-00C04F79EFBC}") = "week-1-assesment", "week-1-assesment.csproj", "{568DF6FB-62A1-4A8D-8B6A-B59479687FDD}"
EndProject
Global
	GlobalSection(SolutionConfigurationPlatforms) = preSolution
		Debug|Any CPU = Debug|Any CPU
		Release|Any CPU = Release|Any CPU
	EndGlobalSection
	GlobalSection(ProjectConfigurationPlatforms) = postSolution
		{568DF6FB-62A1-4A8D-8B6A-B59479687FDD}.Debug|Any CPU.ActiveCfg = Debug|Any CPU
		{568DF6FB-62A1-4A8D-8B6A-B59479687FDD}.Debug|Any CPU.Build.0 = Debug|Any CPU
		{568DF6FB-62A1-4A8D-8B6A-B59479687FDD}.Release|Any CPU.ActiveCfg = Release|Any CPU
		{568DF6FB-62A1-4A8D-8B6A-B59479687FDD}.Release|Any CPU.Build.0 = Release|Any CPU
	EndGlobalSection
	GlobalSection(SolutionProperties) = preSolution
		HideSolutionNode = FALSE
	EndGlobalSection
	GlobalSection(ExtensibilityGlobals) = postSolution
		SolutionGuid = {EE7FB059-FA2D-4AEC-B3A0-1EA1A4408F69}
	EndGlobalSection
EndGlobal
